
Microsoft Visual Studio Solution File, Format Version 12.00
# Visual Studio 2013
VisualStudioVersion = 12.0.40629.0
MinimumVisualStudioVersion = 10.0.40219.1
Project("{FAE04EC0-301F-11D3-BF4B-00C04F79EFBC}") = "ConsoleApplication2", "ConsoleApplication2\ConsoleApplication2.csproj", "{BFB509CC-4FE1-4CE3-BFEC-5EDD27B4BBC6}"
EndProject
Project("{FAE04EC0-301F-11D3-BF4B-00C04F79EFBC}") = "ClassLibrary1", "ClassLibrary1\ClassLibrary1.csproj", "{556B3A26-C804-435A-9CF4-0906489756B9}"
EndProject
Global
	GlobalSection(SolutionConfigurationPlatforms) = preSolution
		Debug|Any CPU = Debug|Any CPU
		Release|Any CPU = Release|Any CPU
	EndGlobalSection
	GlobalSection(ProjectConfigurationPlatforms) = postSolution
		{BFB509CC-4FE1-4CE3-BFEC-5EDD27B4BBC6}.Debug|Any CPU.ActiveCfg = Debug|Any CPU
		{BFB509CC-4FE1-4CE3-BFEC-5EDD27B4BBC6}.Debug|Any CPU.Build.0 = Debug|Any CPU
		{BFB509CC-4FE1-4CE3-BFEC-5EDD27B4BBC6}.Release|Any CPU.ActiveCfg = Release|Any CPU
		{BFB509CC-4FE1-4CE3-BFEC-5EDD27B4BBC6}.Release|Any CPU.Build.0 = Release|Any CPU
		{556B3A26-C804-435A-9CF4-0906489756B9}.Debug|Any CPU.ActiveCfg = Debug|Any CPU
		{556B3A26-C804-435A-9CF4-0906489756B9}.Debug|Any CPU.Build.0 = Debug|Any CPU
		{556B3A26-C804-435A-9CF4-0906489756B9}.Release|Any CPU.ActiveCfg = Release|Any CPU
		{556B3A26-C804-435A-9CF4-0906489756B9}.Release|Any CPU.Build.0 = Release|Any CPU
	EndGlobalSection
	GlobalSection(SolutionProperties) = preSolution
		HideSolutionNode = FALSE
	EndGlobalSection
EndGlobal
